
Microsoft Visual Studio Solution File, Format Version 12.00
# Visual Studio Version 17
VisualStudioVersion = 17.8.34309.116
MinimumVisualStudioVersion = 10.0.40219.1
Project("{FAE04EC0-301F-11D3-BF4B-00C04F79EFBC}") = "CityInfo.API", "CityInfo.API\CityInfo.API.csproj", "{7349B998-5713-4946-8279-18CC530A2544}"
EndProject
Global
	GlobalSection(SolutionConfigurationPlatforms) = preSolution
		Debug|Any CPU = Debug|Any CPU
		Release|Any CPU = Release|Any CPU
	EndGlobalSection
	GlobalSection(ProjectConfigurationPlatforms) = postSolution
		{7349B998-5713-4946-8279-18CC530A2544}.Debug|Any CPU.ActiveCfg = Debug|Any CPU
		{7349B998-5713-4946-8279-18CC530A2544}.Debug|Any CPU.Build.0 = Debug|Any CPU
		{7349B998-5713-4946-8279-18CC530A2544}.Release|Any CPU.ActiveCfg = Release|Any CPU
		{7349B998-5713-4946-8279-18CC530A2544}.Release|Any CPU.Build.0 = Release|Any CPU
	EndGlobalSection
	GlobalSection(SolutionProperties) = preSolution
		HideSolutionNode = FALSE
	EndGlobalSection
	GlobalSection(ExtensibilityGlobals) = postSolution
		SolutionGuid = {0B1C9A27-37C8-4364-AA60-9EBCB6F2660F}
	EndGlobalSection
EndGlobal
